# This file is generated by running "yarn install" inside your project.
# Manual changes might be lost - proceed with caution!

__metadata:
  version: 6
  cacheKey: 8

"@types/node@npm:^20.3.1":
  version: 20.3.1
  resolution: "@types/node@npm:20.3.1"
  checksum: 63a393ab6d947be17320817b35d7277ef03728e231558166ed07ee30b09fd7c08861be4d746f10fdc63ca7912e8cd023939d4eab887ff6580ff704ff24ed810c
  languageName: node
  linkType: hard

"inversify@npm:^6.0.1":
  version: 6.0.1
  resolution: "inversify@npm:6.0.1"
  checksum: b6c9b56ef7817a71534b06101c2b0a0130b67c47a769f58794d9c0643591a83ac02be30a48c00cb729c0c83ece96dde369c419d48c32d0201c6cc7407629fbc5
  languageName: node
  linkType: hard

"reflect-metadata@npm:^0.1.13":
  version: 0.1.13
  resolution: "reflect-metadata@npm:0.1.13"
  checksum: 798d379a7b6f6455501145419505c97dd11cbc23857a386add2b9ef15963ccf15a48d9d15507afe01d4cd74116df8a213247200bac00320bd7c11ddeaa5e8fb4
  languageName: node
  linkType: hard

"typescript-decorators@workspace:.":
  version: 0.0.0-use.local
  resolution: "typescript-decorators@workspace:."
  dependencies:
    "@types/node": ^20.3.1
    inversify: ^6.0.1
    reflect-metadata: ^0.1.13
    typescript: ^5.1.3
  languageName: unknown
  linkType: soft

"typescript@npm:^5.1.3":
  version: 5.1.3
  resolution: "typescript@npm:5.1.3"
  bin:
    tsc: bin/tsc
    tsserver: bin/tsserver
  checksum: d9d51862d98efa46534f2800a1071a613751b1585dc78884807d0c179bcd93d6e9d4012a508e276742f5f33c480adefc52ffcafaf9e0e00ab641a14cde9a31c7
  languageName: node
  linkType: hard

"typescript@patch:typescript@^5.1.3#~builtin<compat/typescript>":
  version: 5.1.3
  resolution: "typescript@patch:typescript@npm%3A5.1.3#~builtin<compat/typescript>::version=5.1.3&hash=5da071"
  bin:
    tsc: bin/tsc
    tsserver: bin/tsserver
  checksum: 6f0a9dca6bf4ce9dcaf4e282aade55ef4c56ecb5fb98d0a4a5c0113398815aea66d871b5611e83353e5953a19ed9ef103cf5a76ac0f276d550d1e7cd5344f61e
  languageName: node
  linkType: hard
